// !$*UTF8*$!
{
	archiveVersion = 1;
	classes = {
	};
	objectVersion = 46;
	objects = {

/* Begin PBXBuildFile section */
		5507B5791813F474002B2368 /* VolumeView.m in Sources */ = {isa = PBXBuildFile; fileRef = 5507B5781813F474002B2368 /* VolumeView.m */; };
		550C12B81813B60A00CD48E2 /* Foundation.framework in Frameworks */ = {isa = PBXBuildFile; fileRef = 550C12B71813B60A00CD48E2 /* Foundation.framework */; };
		550C12BA1813B60A00CD48E2 /* CoreGraphics.framework in Frameworks */ = {isa = PBXBuildFile; fileRef = 550C12B91813B60A00CD48E2 /* CoreGraphics.framework */; };
		550C12BC1813B60A00CD48E2 /* UIKit.framework in Frameworks */ = {isa = PBXBuildFile; fileRef = 550C12BB1813B60A00CD48E2 /* UIKit.framework */; };
		550C12C21813B60A00CD48E2 /* InfoPlist.strings in Resources */ = {isa = PBXBuildFile; fileRef = 550C12C01813B60A00CD48E2 /* InfoPlist.strings */; };
		550C12C41813B60A00CD48E2 /* main.m in Sources */ = {isa = PBXBuildFile; fileRef = 550C12C31813B60A00CD48E2 /* main.m */; };
		550C12C81813B60A00CD48E2 /* AppDelegate.m in Sources */ = {isa = PBXBuildFile; fileRef = 550C12C71813B60A00CD48E2 /* AppDelegate.m */; };
		550C12CB1813B60A00CD48E2 /* Main.storyboard in Resources */ = {isa = PBXBuildFile; fileRef = 550C12C91813B60A00CD48E2 /* Main.storyboard */; };
		550C12D01813B60A00CD48E2 /* Images.xcassets in Resources */ = {isa = PBXBuildFile; fileRef = 550C12CF1813B60A00CD48E2 /* Images.xcassets */; };
		550C12D71813B60A00CD48E2 /* XCTest.framework in Frameworks */ = {isa = PBXBuildFile; fileRef = 550C12D61813B60A00CD48E2 /* XCTest.framework */; };
		550C12D81813B60A00CD48E2 /* Foundation.framework in Frameworks */ = {isa = PBXBuildFile; fileRef = 550C12B71813B60A00CD48E2 /* Foundation.framework */; };
		550C12D91813B60A00CD48E2 /* UIKit.framework in Frameworks */ = {isa = PBXBuildFile; fileRef = 550C12BB1813B60A00CD48E2 /* UIKit.framework */; };
		550C12EE1813B9D300CD48E2 /* MainViewController.m in Sources */ = {isa = PBXBuildFile; fileRef = 550C12ED1813B9D300CD48E2 /* MainViewController.m */; };
		550C12F01813BA4900CD48E2 /* AVFoundation.framework in Frameworks */ = {isa = PBXBuildFile; fileRef = 550C12EF1813BA4900CD48E2 /* AVFoundation.framework */; };
		550C12F21813C13700CD48E2 /* bg.png in Resources */ = {isa = PBXBuildFile; fileRef = 550C12F11813C13700CD48E2 /* bg.png */; };
		550C12F41813C37A00CD48E2 /* logo.png in Resources */ = {isa = PBXBuildFile; fileRef = 550C12F31813C37A00CD48E2 /* logo.png */; };
		550C12F61813C5D000CD48E2 /* play.png in Resources */ = {isa = PBXBuildFile; fileRef = 550C12F51813C5D000CD48E2 /* play.png */; };
		550C12F81813C73100CD48E2 /* lineBg.png in Resources */ = {isa = PBXBuildFile; fileRef = 550C12F71813C73100CD48E2 /* lineBg.png */; };
		550C12FA1813C88500CD48E2 /* logo.com.png in Resources */ = {isa = PBXBuildFile; fileRef = 550C12F91813C88500CD48E2 /* logo.com.png */; };
		550C12FD1813C9AF00CD48E2 /* soundMax.png in Resources */ = {isa = PBXBuildFile; fileRef = 550C12FB1813C9AF00CD48E2 /* soundMax.png */; };
		550C12FE1813C9AF00CD48E2 /* soundMin.png in Resources */ = {isa = PBXBuildFile; fileRef = 550C12FC1813C9AF00CD48E2 /* soundMin.png */; };
		550C13001813CE7A00CD48E2 /* pause.png in Resources */ = {isa = PBXBuildFile; fileRef = 550C12FF1813CE7A00CD48E2 /* pause.png */; };
		554CD5CE1823284C00487501 /* CoreLocation.framework in Frameworks */ = {isa = PBXBuildFile; fileRef = 554CD5CD1823284C00487501 /* CoreLocation.framework */; };
		A51DAFB81847F937000BAB46 /* AdSupport.framework in Frameworks */ = {isa = PBXBuildFile; fileRef = A51DAFB71847F937000BAB46 /* AdSupport.framework */; };
		A51DAFBC1847FA4D000BAB46 /* libFlurry_4.3.0.a in Frameworks */ = {isa = PBXBuildFile; fileRef = A51DAFBB1847FA4D000BAB46 /* libFlurry_4.3.0.a */; };
		A55AFCF718394D3300D8DC86 /* downArrow.png in Resources */ = {isa = PBXBuildFile; fileRef = A55AFCF618394D3300D8DC86 /* downArrow.png */; };
		A5A6F87218455D6B0085BCA8 /* SystemConfiguration.framework in Frameworks */ = {isa = PBXBuildFile; fileRef = A5A6F87118455D6B0085BCA8 /* SystemConfiguration.framework */; };
		A5A6F87518455D990085BCA8 /* Reachability.m in Sources */ = {isa = PBXBuildFile; fileRef = A5A6F87418455D990085BCA8 /* Reachability.m */; };
		A5FB35EE183EE994000844F2 /* Main_iPad.storyboard in Resources */ = {isa = PBXBuildFile; fileRef = A5FB35ED183EE994000844F2 /* Main_iPad.storyboard */; };
		A5FB35F1183EEC43000844F2 /* bg_iPad.png in Resources */ = {isa = PBXBuildFile; fileRef = A5FB35F0183EEC43000844F2 /* bg_iPad.png */; };
/* End PBXBuildFile section */

/* Begin PBXContainerItemProxy section */
		550C12DA1813B60A00CD48E2 /* PBXContainerItemProxy */ = {
			isa = PBXContainerItemProxy;
			containerPortal = 550C12AC1813B60A00CD48E2 /* Project object */;
			proxyType = 1;
			remoteGlobalIDString = 550C12B31813B60A00CD48E2;
			remoteInfo = "Radio Novo Tempo";
		};
/* End PBXContainerItemProxy section */

/* Begin PBXFileReference section */
		5507B5771813F474002B2368 /* VolumeView.h */ = {isa = PBXFileReference; fileEncoding = 4; lastKnownFileType = sourcecode.c.h; path = VolumeView.h; sourceTree = "<group>"; };
		5507B5781813F474002B2368 /* VolumeView.m */ = {isa = PBXFileReference; fileEncoding = 4; lastKnownFileType = sourcecode.c.objc; path = VolumeView.m; sourceTree = "<group>"; };
		550C12B41813B60A00CD48E2 /* Radio Novo Tempo.app */ = {isa = PBXFileReference; explicitFileType = wrapper.application; includeInIndex = 0; path = "Radio Novo Tempo.app"; sourceTree = BUILT_PRODUCTS_DIR; };
		550C12B71813B60A00CD48E2 /* Foundation.framework */ = {isa = PBXFileReference; lastKnownFileType = wrapper.framework; name = Foundation.framework; path = System/Library/Frameworks/Foundation.framework; sourceTree = SDKROOT; };
		550C12B91813B60A00CD48E2 /* CoreGraphics.framework */ = {isa = PBXFileReference; lastKnownFileType = wrapper.framework; name = CoreGraphics.framework; path = System/Library/Frameworks/CoreGraphics.framework; sourceTree = SDKROOT; };
		550C12BB1813B60A00CD48E2 /* UIKit.framework */ = {isa = PBXFileReference; lastKnownFileType = wrapper.framework; name = UIKit.framework; path = System/Library/Frameworks/UIKit.framework; sourceTree = SDKROOT; };
		550C12BF1813B60A00CD48E2 /* Radio Novo Tempo-Info.plist */ = {isa = PBXFileReference; lastKnownFileType = text.plist.xml; path = "Radio Novo Tempo-Info.plist"; sourceTree = "<group>"; };
		550C12C11813B60A00CD48E2 /* en */ = {isa = PBXFileReference; lastKnownFileType = text.plist.strings; name = en; path = en.lproj/InfoPlist.strings; sourceTree = "<group>"; };
		550C12C31813B60A00CD48E2 /* main.m */ = {isa = PBXFileReference; lastKnownFileType = sourcecode.c.objc; path = main.m; sourceTree = "<group>"; };
		550C12C51813B60A00CD48E2 /* Radio Novo Tempo-Prefix.pch */ = {isa = PBXFileReference; lastKnownFileType = sourcecode.c.h; path = "Radio Novo Tempo-Prefix.pch"; sourceTree = "<group>"; };
		550C12C61813B60A00CD48E2 /* AppDelegate.h */ = {isa = PBXFileReference; lastKnownFileType = sourcecode.c.h; path = AppDelegate.h; sourceTree = "<group>"; };
		550C12C71813B60A00CD48E2 /* AppDelegate.m */ = {isa = PBXFileReference; lastKnownFileType = sourcecode.c.objc; path = AppDelegate.m; sourceTree = "<group>"; };
		550C12CA1813B60A00CD48E2 /* Base */ = {isa = PBXFileReference; lastKnownFileType = file.storyboard; name = Base; path = Base.lproj/Main.storyboard; sourceTree = "<group>"; };
		550C12CF1813B60A00CD48E2 /* Images.xcassets */ = {isa = PBXFileReference; lastKnownFileType = folder.assetcatalog; path = Images.xcassets; sourceTree = "<group>"; };
		550C12D51813B60A00CD48E2 /* Radio Novo TempoTests.xctest */ = {isa = PBXFileReference; explicitFileType = wrapper.cfbundle; includeInIndex = 0; path = "Radio Novo TempoTests.xctest"; sourceTree = BUILT_PRODUCTS_DIR; };
		550C12D61813B60A00CD48E2 /* XCTest.framework */ = {isa = PBXFileReference; lastKnownFileType = wrapper.framework; name = XCTest.framework; path = Library/Frameworks/XCTest.framework; sourceTree = DEVELOPER_DIR; };
		550C12EC1813B9D300CD48E2 /* MainViewController.h */ = {isa = PBXFileReference; fileEncoding = 4; lastKnownFileType = sourcecode.c.h; path = MainViewController.h; sourceTree = "<group>"; };
		550C12ED1813B9D300CD48E2 /* MainViewController.m */ = {isa = PBXFileReference; fileEncoding = 4; lastKnownFileType = sourcecode.c.objc; path = MainViewController.m; sourceTree = "<group>"; };
		550C12EF1813BA4900CD48E2 /* AVFoundation.framework */ = {isa = PBXFileReference; lastKnownFileType = wrapper.framework; name = AVFoundation.framework; path = System/Library/Frameworks/AVFoundation.framework; sourceTree = SDKROOT; };
		550C12F11813C13700CD48E2 /* bg.png */ = {isa = PBXFileReference; lastKnownFileType = image.png; path = bg.png; sourceTree = "<group>"; };
		550C12F31813C37A00CD48E2 /* logo.png */ = {isa = PBXFileReference; lastKnownFileType = image.png; path = logo.png; sourceTree = "<group>"; };
		550C12F51813C5D000CD48E2 /* play.png */ = {isa = PBXFileReference; lastKnownFileType = image.png; path = play.png; sourceTree = "<group>"; };
		550C12F71813C73100CD48E2 /* lineBg.png */ = {isa = PBXFileReference; lastKnownFileType = image.png; path = lineBg.png; sourceTree = "<group>"; };
		550C12F91813C88500CD48E2 /* logo.com.png */ = {isa = PBXFileReference; lastKnownFileType = image.png; path = logo.com.png; sourceTree = "<group>"; };
		550C12FB1813C9AF00CD48E2 /* soundMax.png */ = {isa = PBXFileReference; lastKnownFileType = image.png; path = soundMax.png; sourceTree = "<group>"; };
		550C12FC1813C9AF00CD48E2 /* soundMin.png */ = {isa = PBXFileReference; lastKnownFileType = image.png; path = soundMin.png; sourceTree = "<group>"; };
		550C12FF1813CE7A00CD48E2 /* pause.png */ = {isa = PBXFileReference; lastKnownFileType = image.png; path = pause.png; sourceTree = "<group>"; };
		554CD5CD1823284C00487501 /* CoreLocation.framework */ = {isa = PBXFileReference; lastKnownFileType = wrapper.framework; name = CoreLocation.framework; path = System/Library/Frameworks/CoreLocation.framework; sourceTree = SDKROOT; };
		A51DAE871847F62E000BAB46 /* es */ = {isa = PBXFileReference; lastKnownFileType = text.plist.strings; name = es; path = es.lproj/InfoPlist.strings; sourceTree = "<group>"; };
		A51DAE881847F65A000BAB46 /* pt */ = {isa = PBXFileReference; lastKnownFileType = text.plist.strings; name = pt; path = pt.lproj/InfoPlist.strings; sourceTree = "<group>"; };
		A51DAFB71847F937000BAB46 /* AdSupport.framework */ = {isa = PBXFileReference; lastKnownFileType = wrapper.framework; name = AdSupport.framework; path = System/Library/Frameworks/AdSupport.framework; sourceTree = SDKROOT; };
		A51DAFBA1847FA4D000BAB46 /* Flurry.h */ = {isa = PBXFileReference; fileEncoding = 4; lastKnownFileType = sourcecode.c.h; path = Flurry.h; sourceTree = "<group>"; };
		A51DAFBB1847FA4D000BAB46 /* libFlurry_4.3.0.a */ = {isa = PBXFileReference; lastKnownFileType = archive.ar; path = libFlurry_4.3.0.a; sourceTree = "<group>"; };
		A55AFCF618394D3300D8DC86 /* downArrow.png */ = {isa = PBXFileReference; lastKnownFileType = image.png; path = downArrow.png; sourceTree = "<group>"; };
		A5A6F87118455D6B0085BCA8 /* SystemConfiguration.framework */ = {isa = PBXFileReference; lastKnownFileType = wrapper.framework; name = SystemConfiguration.framework; path = System/Library/Frameworks/SystemConfiguration.framework; sourceTree = SDKROOT; };
		A5A6F87318455D990085BCA8 /* Reachability.h */ = {isa = PBXFileReference; fileEncoding = 4; lastKnownFileType = sourcecode.c.h; path = Reachability.h; sourceTree = "<group>"; };
		A5A6F87418455D990085BCA8 /* Reachability.m */ = {isa = PBXFileReference; fileEncoding = 4; lastKnownFileType = sourcecode.c.objc; path = Reachability.m; sourceTree = "<group>"; };
		A5FB35ED183EE994000844F2 /* Main_iPad.storyboard */ = {isa = PBXFileReference; fileEncoding = 4; lastKnownFileType = file.storyboard; path = Main_iPad.storyboard; sourceTree = "<group>"; };
		A5FB35F0183EEC43000844F2 /* bg_iPad.png */ = {isa = PBXFileReference; lastKnownFileType = image.png; path = bg_iPad.png; sourceTree = "<group>"; };
/* End PBXFileReference section */

/* Begin PBXFrameworksBuildPhase section */
		550C12B11813B60A00CD48E2 /* Frameworks */ = {
			isa = PBXFrameworksBuildPhase;
			buildActionMask = 2147483647;
			files = (
				A51DAFB81847F937000BAB46 /* AdSupport.framework in Frameworks */,
				A5A6F87218455D6B0085BCA8 /* SystemConfiguration.framework in Frameworks */,
				554CD5CE1823284C00487501 /* CoreLocation.framework in Frameworks */,
				550C12F01813BA4900CD48E2 /* AVFoundation.framework in Frameworks */,
				550C12BA1813B60A00CD48E2 /* CoreGraphics.framework in Frameworks */,
				A51DAFBC1847FA4D000BAB46 /* libFlurry_4.3.0.a in Frameworks */,
				550C12BC1813B60A00CD48E2 /* UIKit.framework in Frameworks */,
				550C12B81813B60A00CD48E2 /* Foundation.framework in Frameworks */,
			);
			runOnlyForDeploymentPostprocessing = 0;
		};
		550C12D21813B60A00CD48E2 /* Frameworks */ = {
			isa = PBXFrameworksBuildPhase;
			buildActionMask = 2147483647;
			files = (
				550C12D71813B60A00CD48E2 /* XCTest.framework in Frameworks */,
				550C12D91813B60A00CD48E2 /* UIKit.framework in Frameworks */,
				550C12D81813B60A00CD48E2 /* Foundation.framework in Frameworks */,
			);
			runOnlyForDeploymentPostprocessing = 0;
		};
/* End PBXFrameworksBuildPhase section */

/* Begin PBXGroup section */
		550C12AB1813B60A00CD48E2 = {
			isa = PBXGroup;
			children = (
				550C12BD1813B60A00CD48E2 /* Radio Novo Tempo */,
				550C12B61813B60A00CD48E2 /* Frameworks */,
				550C12B51813B60A00CD48E2 /* Products */,
				A51DAFB91847FA4D000BAB46 /* Flurry */,
			);
			sourceTree = "<group>";
		};
		550C12B51813B60A00CD48E2 /* Products */ = {
			isa = PBXGroup;
			children = (
				550C12B41813B60A00CD48E2 /* Radio Novo Tempo.app */,
				550C12D51813B60A00CD48E2 /* Radio Novo TempoTests.xctest */,
			);
			name = Products;
			sourceTree = "<group>";
		};
		550C12B61813B60A00CD48E2 /* Frameworks */ = {
			isa = PBXGroup;
			children = (
				A51DAFB71847F937000BAB46 /* AdSupport.framework */,
				A5A6F87118455D6B0085BCA8 /* SystemConfiguration.framework */,
				554CD5CD1823284C00487501 /* CoreLocation.framework */,
				550C12EF1813BA4900CD48E2 /* AVFoundation.framework */,
				550C12B71813B60A00CD48E2 /* Foundation.framework */,
				550C12B91813B60A00CD48E2 /* CoreGraphics.framework */,
				550C12BB1813B60A00CD48E2 /* UIKit.framework */,
				550C12D61813B60A00CD48E2 /* XCTest.framework */,
			);
			name = Frameworks;
			sourceTree = "<group>";
		};
		550C12BD1813B60A00CD48E2 /* Radio Novo Tempo */ = {
			isa = PBXGroup;
			children = (
				550C12C61813B60A00CD48E2 /* AppDelegate.h */,
				550C12C71813B60A00CD48E2 /* AppDelegate.m */,
				5507B5771813F474002B2368 /* VolumeView.h */,
				5507B5781813F474002B2368 /* VolumeView.m */,
				550C12EC1813B9D300CD48E2 /* MainViewController.h */,
				550C12ED1813B9D300CD48E2 /* MainViewController.m */,
				A5A6F87318455D990085BCA8 /* Reachability.h */,
				A5A6F87418455D990085BCA8 /* Reachability.m */,
				550C12C91813B60A00CD48E2 /* Main.storyboard */,
				550C12CF1813B60A00CD48E2 /* Images.xcassets */,
				A5FB35EF183EEAA2000844F2 /* iPad */,
				550C12BE1813B60A00CD48E2 /* Supporting Files */,
			);
			path = "Radio Novo Tempo";
			sourceTree = "<group>";
		};
		550C12BE1813B60A00CD48E2 /* Supporting Files */ = {
			isa = PBXGroup;
			children = (
				A55AFCF618394D3300D8DC86 /* downArrow.png */,
				550C12F51813C5D000CD48E2 /* play.png */,
				550C12F11813C13700CD48E2 /* bg.png */,
				550C12F31813C37A00CD48E2 /* logo.png */,
				550C12F71813C73100CD48E2 /* lineBg.png */,
				550C12F91813C88500CD48E2 /* logo.com.png */,
				550C12FF1813CE7A00CD48E2 /* pause.png */,
				550C12FB1813C9AF00CD48E2 /* soundMax.png */,
				550C12FC1813C9AF00CD48E2 /* soundMin.png */,
				550C12BF1813B60A00CD48E2 /* Radio Novo Tempo-Info.plist */,
				550C12C01813B60A00CD48E2 /* InfoPlist.strings */,
				550C12C31813B60A00CD48E2 /* main.m */,
				550C12C51813B60A00CD48E2 /* Radio Novo Tempo-Prefix.pch */,
			);
			name = "Supporting Files";
			sourceTree = "<group>";
		};
		A51DAFB91847FA4D000BAB46 /* Flurry */ = {
			isa = PBXGroup;
			children = (
				A51DAFBA1847FA4D000BAB46 /* Flurry.h */,
				A51DAFBB1847FA4D000BAB46 /* libFlurry_4.3.0.a */,
			);
			path = Flurry;
			sourceTree = "<group>";
		};
		A5FB35EF183EEAA2000844F2 /* iPad */ = {
			isa = PBXGroup;
			children = (
				A5FB35ED183EE994000844F2 /* Main_iPad.storyboard */,
				A5FB35F0183EEC43000844F2 /* bg_iPad.png */,
			);
			name = iPad;
			sourceTree = "<group>";
		};
/* End PBXGroup section */

/* Begin PBXNativeTarget section */
		550C12B31813B60A00CD48E2 /* Radio Novo Tempo */ = {
			isa = PBXNativeTarget;
			buildConfigurationList = 550C12E61813B60A00CD48E2 /* Build configuration list for PBXNativeTarget "Radio Novo Tempo" */;
			buildPhases = (
				550C12B01813B60A00CD48E2 /* Sources */,
				550C12B11813B60A00CD48E2 /* Frameworks */,
				550C12B21813B60A00CD48E2 /* Resources */,
			);
			buildRules = (
			);
			dependencies = (
			);
			name = "Radio Novo Tempo";
			productName = "Radio Novo Tempo";
			productReference = 550C12B41813B60A00CD48E2 /* Radio Novo Tempo.app */;
			productType = "com.apple.product-type.application";
		};
		550C12D41813B60A00CD48E2 /* Radio Novo TempoTests */ = {
			isa = PBXNativeTarget;
			buildConfigurationList = 550C12E91813B60A00CD48E2 /* Build configuration list for PBXNativeTarget "Radio Novo TempoTests" */;
			buildPhases = (
				550C12D11813B60A00CD48E2 /* Sources */,
				550C12D21813B60A00CD48E2 /* Frameworks */,
				550C12D31813B60A00CD48E2 /* Resources */,
			);
			buildRules = (
			);
			dependencies = (
				550C12DB1813B60A00CD48E2 /* PBXTargetDependency */,
			);
			name = "Radio Novo TempoTests";
			productName = "Radio Novo TempoTests";
			productReference = 550C12D51813B60A00CD48E2 /* Radio Novo TempoTests.xctest */;
			productType = "com.apple.product-type.bundle.unit-test";
		};
/* End PBXNativeTarget section */

/* Begin PBXProject section */
		550C12AC1813B60A00CD48E2 /* Project object */ = {
			isa = PBXProject;
			attributes = {
				LastUpgradeCheck = 0500;
				ORGANIZATIONNAME = "Novo Tempo";
				TargetAttributes = {
					550C12B31813B60A00CD48E2 = {
						DevelopmentTeam = R6U4P262C2;
					};
					550C12D41813B60A00CD48E2 = {
						TestTargetID = 550C12B31813B60A00CD48E2;
					};
				};
			};
			buildConfigurationList = 550C12AF1813B60A00CD48E2 /* Build configuration list for PBXProject "Radio Novo Tempo" */;
			compatibilityVersion = "Xcode 3.2";
			developmentRegion = English;
			hasScannedForEncodings = 0;
			knownRegions = (
				en,
				Base,
				es,
				pt,
			);
			mainGroup = 550C12AB1813B60A00CD48E2;
			productRefGroup = 550C12B51813B60A00CD48E2 /* Products */;
			projectDirPath = "";
			projectRoot = "";
			targets = (
				550C12B31813B60A00CD48E2 /* Radio Novo Tempo */,
				550C12D41813B60A00CD48E2 /* Radio Novo TempoTests */,
			);
		};
/* End PBXProject section */

/* Begin PBXResourcesBuildPhase section */
		550C12B21813B60A00CD48E2 /* Resources */ = {
			isa = PBXResourcesBuildPhase;
			buildActionMask = 2147483647;
			files = (
				550C12D01813B60A00CD48E2 /* Images.xcassets in Resources */,
				550C12F41813C37A00CD48E2 /* logo.png in Resources */,
				550C12FE1813C9AF00CD48E2 /* soundMin.png in Resources */,
				A5FB35EE183EE994000844F2 /* Main_iPad.storyboard in Resources */,
				A55AFCF718394D3300D8DC86 /* downArrow.png in Resources */,
				550C12FD1813C9AF00CD48E2 /* soundMax.png in Resources */,
				550C13001813CE7A00CD48E2 /* pause.png in Resources */,
				550C12C21813B60A00CD48E2 /* InfoPlist.strings in Resources */,
				A5FB35F1183EEC43000844F2 /* bg_iPad.png in Resources */,
				550C12F81813C73100CD48E2 /* lineBg.png in Resources */,
				550C12F21813C13700CD48E2 /* bg.png in Resources */,
				550C12FA1813C88500CD48E2 /* logo.com.png in Resources */,
				550C12CB1813B60A00CD48E2 /* Main.storyboard in Resources */,
				550C12F61813C5D000CD48E2 /* play.png in Resources */,
			);
			runOnlyForDeploymentPostprocessing = 0;
		};
		550C12D31813B60A00CD48E2 /* Resources */ = {
			isa = PBXResourcesBuildPhase;
			buildActionMask = 2147483647;
			files = (
			);
			runOnlyForDeploymentPostprocessing = 0;
		};
/* End PBXResourcesBuildPhase section */

/* Begin PBXSourcesBuildPhase section */
		550C12B01813B60A00CD48E2 /* Sources */ = {
			isa = PBXSourcesBuildPhase;
			buildActionMask = 2147483647;
			files = (
				550C12C81813B60A00CD48E2 /* AppDelegate.m in Sources */,
				550C12EE1813B9D300CD48E2 /* MainViewController.m in Sources */,
				5507B5791813F474002B2368 /* VolumeView.m in Sources */,
				550C12C41813B60A00CD48E2 /* main.m in Sources */,
				A5A6F87518455D990085BCA8 /* Reachability.m in Sources */,
			);
			runOnlyForDeploymentPostprocessing = 0;
		};
		550C12D11813B60A00CD48E2 /* Sources */ = {
			isa = PBXSourcesBuildPhase;
			buildActionMask = 2147483647;
			files = (
			);
			runOnlyForDeploymentPostprocessing = 0;
		};
/* End PBXSourcesBuildPhase section */

/* Begin PBXTargetDependency section */
		550C12DB1813B60A00CD48E2 /* PBXTargetDependency */ = {
			isa = PBXTargetDependency;
			target = 550C12B31813B60A00CD48E2 /* Radio Novo Tempo */;
			targetProxy = 550C12DA1813B60A00CD48E2 /* PBXContainerItemProxy */;
		};
/* End PBXTargetDependency section */

/* Begin PBXVariantGroup section */
		550C12C01813B60A00CD48E2 /* InfoPlist.strings */ = {
			isa = PBXVariantGroup;
			children = (
				550C12C11813B60A00CD48E2 /* en */,
				A51DAE871847F62E000BAB46 /* es */,
				A51DAE881847F65A000BAB46 /* pt */,
			);
			name = InfoPlist.strings;
			sourceTree = "<group>";
		};
		550C12C91813B60A00CD48E2 /* Main.storyboard */ = {
			isa = PBXVariantGroup;
			children = (
				550C12CA1813B60A00CD48E2 /* Base */,
			);
			name = Main.storyboard;
			sourceTree = "<group>";
		};
/* End PBXVariantGroup section */

/* Begin XCBuildConfiguration section */
		550C12E41813B60A00CD48E2 /* Debug */ = {
			isa = XCBuildConfiguration;
			buildSettings = {
				ALWAYS_SEARCH_USER_PATHS = NO;
				ARCHS = "$(ARCHS_STANDARD_INCLUDING_64_BIT)";
				CLANG_CXX_LANGUAGE_STANDARD = "gnu++0x";
				CLANG_CXX_LIBRARY = "libc++";
				CLANG_ENABLE_MODULES = YES;
				CLANG_ENABLE_OBJC_ARC = YES;
				CLANG_WARN_BOOL_CONVERSION = YES;
				CLANG_WARN_CONSTANT_CONVERSION = YES;
				CLANG_WARN_DIRECT_OBJC_ISA_USAGE = YES_ERROR;
				CLANG_WARN_EMPTY_BODY = YES;
				CLANG_WARN_ENUM_CONVERSION = YES;
				CLANG_WARN_INT_CONVERSION = YES;
				CLANG_WARN_OBJC_ROOT_CLASS = YES_ERROR;
				CLANG_WARN__DUPLICATE_METHOD_MATCH = YES;
				CODE_SIGN_IDENTITY = "";
				"CODE_SIGN_IDENTITY[sdk=iphoneos*]" = "";
				COPY_PHASE_STRIP = NO;
				GCC_C_LANGUAGE_STANDARD = gnu99;
				GCC_DYNAMIC_NO_PIC = NO;
				GCC_OPTIMIZATION_LEVEL = 0;
				GCC_PREPROCESSOR_DEFINITIONS = (
					"DEBUG=1",
					"$(inherited)",
				);
				GCC_SYMBOLS_PRIVATE_EXTERN = NO;
				GCC_WARN_64_TO_32_BIT_CONVERSION = YES;
				GCC_WARN_ABOUT_RETURN_TYPE = YES_ERROR;
				GCC_WARN_UNDECLARED_SELECTOR = YES;
				GCC_WARN_UNINITIALIZED_AUTOS = YES;
				GCC_WARN_UNUSED_FUNCTION = YES;
				GCC_WARN_UNUSED_VARIABLE = YES;
				IPHONEOS_DEPLOYMENT_TARGET = 6.1;
				ONLY_ACTIVE_ARCH = YES;
				PROVISIONING_PROFILE = "8849F722-3393-4544-B03A-B8CB0E4B4BDE";
				SDKROOT = iphoneos;
			};
			name = Debug;
		};
		550C12E51813B60A00CD48E2 /* Release */ = {
			isa = XCBuildConfiguration;
			buildSettings = {
				ALWAYS_SEARCH_USER_PATHS = NO;
				ARCHS = "$(ARCHS_STANDARD_INCLUDING_64_BIT)";
				CLANG_CXX_LANGUAGE_STANDARD = "gnu++0x";
				CLANG_CXX_LIBRARY = "libc++";
				CLANG_ENABLE_MODULES = YES;
				CLANG_ENABLE_OBJC_ARC = YES;
				CLANG_WARN_BOOL_CONVERSION = YES;
				CLANG_WARN_CONSTANT_CONVERSION = YES;
				CLANG_WARN_DIRECT_OBJC_ISA_USAGE = YES_ERROR;
				CLANG_WARN_EMPTY_BODY = YES;
				CLANG_WARN_ENUM_CONVERSION = YES;
				CLANG_WARN_INT_CONVERSION = YES;
				CLANG_WARN_OBJC_ROOT_CLASS = YES_ERROR;
				CLANG_WARN__DUPLICATE_METHOD_MATCH = YES;
				CODE_SIGN_IDENTITY = "";
				"CODE_SIGN_IDENTITY[sdk=*]" = "";
				COPY_PHASE_STRIP = YES;
				ENABLE_NS_ASSERTIONS = NO;
				GCC_C_LANGUAGE_STANDARD = gnu99;
				GCC_WARN_64_TO_32_BIT_CONVERSION = YES;
				GCC_WARN_ABOUT_RETURN_TYPE = YES_ERROR;
				GCC_WARN_UNDECLARED_SELECTOR = YES;
				GCC_WARN_UNINITIALIZED_AUTOS = YES;
				GCC_WARN_UNUSED_FUNCTION = YES;
				GCC_WARN_UNUSED_VARIABLE = YES;
				IPHONEOS_DEPLOYMENT_TARGET = 6.1;
				PROVISIONING_PROFILE = "8849F722-3393-4544-B03A-B8CB0E4B4BDE";
				SDKROOT = iphoneos;
				VALIDATE_PRODUCT = YES;
			};
			name = Release;
		};
		550C12E71813B60A00CD48E2 /* Debug */ = {
			isa = XCBuildConfiguration;
			buildSettings = {
				ARCHS = "$(ARCHS_STANDARD)";
				ASSETCATALOG_COMPILER_APPICON_NAME = AppIcon;
				ASSETCATALOG_COMPILER_LAUNCHIMAGE_NAME = LaunchImage;
				CODE_SIGN_IDENTITY = "";
				"CODE_SIGN_IDENTITY[sdk=iphoneos*]" = "";
				GCC_PRECOMPILE_PREFIX_HEADER = YES;
				GCC_PREFIX_HEADER = "Radio Novo Tempo/Radio Novo Tempo-Prefix.pch";
				INFOPLIST_FILE = "Radio Novo Tempo/Radio Novo Tempo-Info.plist";
				IPHONEOS_DEPLOYMENT_TARGET = 6.1;
				LIBRARY_SEARCH_PATHS = (
					"$(inherited)",
					"/Users/michellopes/Documents/Dev./RadioNovoTempo/Flurry4.3.0/Flurry-iOS-4.3.0/Flurry",
					"/Users/michellopes/Documents/Dev./RadioNovoTempo/Flurry4.3.0/Flurry-iOS-4.3.0/FlurryAds",
					/Users/michellopes/Documents/Dev./RadioNovoTempo/Flurry,
				);
				PRODUCT_NAME = "$(TARGET_NAME)";
				PROVISIONING_PROFILE = "79B39DD9-3EDE-42B1-B337-10AED37D3EFF";
				TARGETED_DEVICE_FAMILY = "1,2";
				WRAPPER_EXTENSION = app;
			};
			name = Debug;
		};
		550C12E81813B60A00CD48E2 /* Release */ = {
			isa = XCBuildConfiguration;
			buildSettings = {
				ARCHS = "$(ARCHS_STANDARD)";
				ASSETCATALOG_COMPILER_APPICON_NAME = AppIcon;
				ASSETCATALOG_COMPILER_LAUNCHIMAGE_NAME = LaunchImage;
				CODE_SIGN_IDENTITY = "";
				"CODE_SIGN_IDENTITY[sdk=iphoneos*]" = "";
				GCC_PRECOMPILE_PREFIX_HEADER = YES;
				GCC_PREFIX_HEADER = "Radio Novo Tempo/Radio Novo Tempo-Prefix.pch";
				INFOPLIST_FILE = "Radio Novo Tempo/Radio Novo Tempo-Info.plist";
				IPHONEOS_DEPLOYMENT_TARGET = 6.1;
				LIBRARY_SEARCH_PATHS = (
					"$(inherited)",
					"/Users/michellopes/Documents/Dev./RadioNovoTempo/Flurry4.3.0/Flurry-iOS-4.3.0/Flurry",
					"/Users/michellopes/Documents/Dev./RadioNovoTempo/Flurry4.3.0/Flurry-iOS-4.3.0/FlurryAds",
					/Users/michellopes/Documents/Dev./RadioNovoTempo/Flurry,
				);
				PRODUCT_NAME = "$(TARGET_NAME)";
				PROVISIONING_PROFILE = "79B39DD9-3EDE-42B1-B337-10AED37D3EFF";
				TARGETED_DEVICE_FAMILY = "1,2";
				WRAPPER_EXTENSION = app;
			};
			name = Release;
		};
		550C12EA1813B60A00CD48E2 /* Debug */ = {
			isa = XCBuildConfiguration;
			buildSettings = {
				ARCHS = "$(ARCHS_STANDARD_INCLUDING_64_BIT)";
				BUNDLE_LOADER = "$(BUILT_PRODUCTS_DIR)/Radio Novo Tempo.app/Radio Novo Tempo";
				FRAMEWORK_SEARCH_PATHS = (
					"$(SDKROOT)/Developer/Library/Frameworks",
					"$(inherited)",
					"$(DEVELOPER_FRAMEWORKS_DIR)",
				);
				GCC_PRECOMPILE_PREFIX_HEADER = YES;
				GCC_PREFIX_HEADER = "Radio Novo Tempo/Radio Novo Tempo-Prefix.pch";
				GCC_PREPROCESSOR_DEFINITIONS = (
					"DEBUG=1",
					"$(inherited)",
				);
				INFOPLIST_FILE = "Radio Novo TempoTests/Radio Novo TempoTests-Info.plist";
				PRODUCT_NAME = "$(TARGET_NAME)";
				TEST_HOST = "$(BUNDLE_LOADER)";
				WRAPPER_EXTENSION = xctest;
			};
			name = Debug;
		};
		550C12EB1813B60A00CD48E2 /* Release */ = {
			isa = XCBuildConfiguration;
			buildSettings = {
				ARCHS = "$(ARCHS_STANDARD_INCLUDING_64_BIT)";
				BUNDLE_LOADER = "$(BUILT_PRODUCTS_DIR)/Radio Novo Tempo.app/Radio Novo Tempo";
				FRAMEWORK_SEARCH_PATHS = (
					"$(SDKROOT)/Developer/Library/Frameworks",
					"$(inherited)",
					"$(DEVELOPER_FRAMEWORKS_DIR)",
				);
				GCC_PRECOMPILE_PREFIX_HEADER = YES;
				GCC_PREFIX_HEADER = "Radio Novo Tempo/Radio Novo Tempo-Prefix.pch";
				INFOPLIST_FILE = "Radio Novo TempoTests/Radio Novo TempoTests-Info.plist";
				PRODUCT_NAME = "$(TARGET_NAME)";
				TEST_HOST = "$(BUNDLE_LOADER)";
				WRAPPER_EXTENSION = xctest;
			};
			name = Release;
		};
/* End XCBuildConfiguration section */

/* Begin XCConfigurationList section */
		550C12AF1813B60A00CD48E2 /* Build configuration list for PBXProject "Radio Novo Tempo" */ = {
			isa = XCConfigurationList;
			buildConfigurations = (
				550C12E41813B60A00CD48E2 /* Debug */,
				550C12E51813B60A00CD48E2 /* Release */,
			);
			defaultConfigurationIsVisible = 0;
			defaultConfigurationName = Release;
		};
		550C12E61813B60A00CD48E2 /* Build configuration list for PBXNativeTarget "Radio Novo Tempo" */ = {
			isa = XCConfigurationList;
			buildConfigurations = (
				550C12E71813B60A00CD48E2 /* Debug */,
				550C12E81813B60A00CD48E2 /* Release */,
			);
			defaultConfigurationIsVisible = 0;
			defaultConfigurationName = Release;
		};
		550C12E91813B60A00CD48E2 /* Build configuration list for PBXNativeTarget "Radio Novo TempoTests" */ = {
			isa = XCConfigurationList;
			buildConfigurations = (
				550C12EA1813B60A00CD48E2 /* Debug */,
				550C12EB1813B60A00CD48E2 /* Release */,
			);
			defaultConfigurationIsVisible = 0;
			defaultConfigurationName = Release;
		};
/* End XCConfigurationList section */
	};
	rootObject = 550C12AC1813B60A00CD48E2 /* Project object */;
}
